# This file is automatically @generated by Cargo.
# It is not intended for manual editing.
[[package]]
name = "ruspiro-arch-aarch64"
version = "0.1.2"
source = "git+https://github.com/RusPiRo/ruspiro-arch-aarch64.git?branch=master#6ce2e93a10c5e8ba4a627e61aa2e62ee044f9bdf"
dependencies = [
 "ruspiro-register",
]

[[package]]
name = "ruspiro-mmu"
version = "0.1.0"
dependencies = [
 "ruspiro-arch-aarch64",
 "ruspiro-register",
]

[[package]]
name = "ruspiro-register"
version = "0.5.0"
source = "git+https://github.com/RusPiRo/ruspiro-register.git?branch=master#e4e0f8590193e880b53d7a92c3f4aba5e9980f1b"
