# This file is automatically @generated by Cargo.
# It is not intended for manual editing.
version = 3

[[package]]
name = "ruspiro-arch-aarch64"
version = "0.1.4"
source = "git+https://github.com/RusPiRo/ruspiro-arch-aarch64.git?branch=development#62356fe3f6fd9d0aa13bde354a8b0f3ec3f94ee7"
dependencies = [
 "ruspiro-register",
]

[[package]]
name = "ruspiro-mmu"
version = "0.1.1"
dependencies = [
 "ruspiro-arch-aarch64",
]

[[package]]
name = "ruspiro-register"
version = "0.5.4"
source = "registry+https://github.com/rust-lang/crates.io-index"
checksum = "161d5f7992ad812a4cf78301846265fb34ba86db288d17aa35d36c5ec72ee349"
