# This file is automatically @generated by Cargo.
# It is not intended for manual editing.
[[package]]
name = "ruspiro-arch-aarch64"
version = "0.1.2"
source = "git+https://github.com/RusPiRo/ruspiro-arch-aarch64.git?branch=master#6ce2e93a10c5e8ba4a627e61aa2e62ee044f9bdf"
dependencies = [
 "ruspiro-register",
]

[[package]]
name = "ruspiro-mmu"
version = "0.1.0"
dependencies = [
 "ruspiro-arch-aarch64",
]

[[package]]
name = "ruspiro-register"
version = "0.5.0"
source = "registry+https://github.com/rust-lang/crates.io-index"
checksum = "bba969505aa1ef93912baecd72cc13d6df2899d3a0d36b612157625b3392e68f"
